
Microsoft Visual Studio Solution File, Format Version 12.00
# Visual Studio Version 16
VisualStudioVersion = 16.0.29609.76
MinimumVisualStudioVersion = 10.0.40219.1
Project("{FAE04EC0-301F-11D3-BF4B-00C04F79EFBC}") = "Lab11", "Lab11.csproj", "{67478667-399B-46F6-AD8F-61886343F1DB}"
EndProject
Global
	GlobalSection(SolutionConfigurationPlatforms) = preSolution
		Debug|Any CPU = Debug|Any CPU
		Release|Any CPU = Release|Any CPU
	EndGlobalSection
	GlobalSection(ProjectConfigurationPlatforms) = postSolution
		{67478667-399B-46F6-AD8F-61886343F1DB}.Debug|Any CPU.ActiveCfg = Debug|Any CPU
		{67478667-399B-46F6-AD8F-61886343F1DB}.Debug|Any CPU.Build.0 = Debug|Any CPU
		{67478667-399B-46F6-AD8F-61886343F1DB}.Release|Any CPU.ActiveCfg = Release|Any CPU
		{67478667-399B-46F6-AD8F-61886343F1DB}.Release|Any CPU.Build.0 = Release|Any CPU
	EndGlobalSection
	GlobalSection(SolutionProperties) = preSolution
		HideSolutionNode = FALSE
	EndGlobalSection
	GlobalSection(ExtensibilityGlobals) = postSolution
		SolutionGuid = {3B80BCB3-4CFA-4F8C-8ECD-FD9EA9F30A90}
	EndGlobalSection
EndGlobal
